
Microsoft Visual Studio Solution File, Format Version 12.00
# Visual Studio Version 17
VisualStudioVersion = 17.8.34330.188
MinimumVisualStudioVersion = 10.0.40219.1
Project("{9A19103F-16F7-4668-BE54-9A1E7A4F7556}") = "TangyWeb_Server", "TangyWeb_Server\TangyWeb_Server.csproj", "{37558363-7B15-4E91-884F-EC313563E0AF}"
EndProject
Project("{9A19103F-16F7-4668-BE54-9A1E7A4F7556}") = "TangyWeb_Client", "TangyWeb_Client\TangyWeb_Client.csproj", "{09AB6289-B7BF-44F5-9245-95459CBA3E8A}"
EndProject
Project("{9A19103F-16F7-4668-BE54-9A1E7A4F7556}") = "Tangy_Models", "Tangy_Models\Tangy_Models.csproj", "{7C4AB595-0F33-4E2E-BD79-DDF654AA7BBC}"
EndProject
Project("{9A19103F-16F7-4668-BE54-9A1E7A4F7556}") = "Tangy_Business", "Tangy_Business\Tangy_Business.csproj", "{12C11FE1-5DD9-48DE-A44A-B542D33DA2E6}"
EndProject
Project("{9A19103F-16F7-4668-BE54-9A1E7A4F7556}") = "Tangy_DataAccess", "Tangy_DataAccess\Tangy_DataAccess.csproj", "{0D7E942E-0C81-436D-9493-F04B23D70E00}"
EndProject
Project("{9A19103F-16F7-4668-BE54-9A1E7A4F7556}") = "Tangy_Common", "Tangy_Common\Tangy_Common.csproj", "{359C4D6B-8DD1-4DE7-952E-3D2E9792D60F}"
EndProject
Project("{FAE04EC0-301F-11D3-BF4B-00C04F79EFBC}") = "TangyWeb_API", "TangyWeb_API\TangyWeb_API.csproj", "{576B598C-9790-4717-AF7A-B5D921EFF89F}"
EndProject
Global
	GlobalSection(SolutionConfigurationPlatforms) = preSolution
		Debug|Any CPU = Debug|Any CPU
		Release|Any CPU = Release|Any CPU
	EndGlobalSection
	GlobalSection(ProjectConfigurationPlatforms) = postSolution
		{37558363-7B15-4E91-884F-EC313563E0AF}.Debug|Any CPU.ActiveCfg = Debug|Any CPU
		{37558363-7B15-4E91-884F-EC313563E0AF}.Debug|Any CPU.Build.0 = Debug|Any CPU
		{37558363-7B15-4E91-884F-EC313563E0AF}.Release|Any CPU.ActiveCfg = Release|Any CPU
		{37558363-7B15-4E91-884F-EC313563E0AF}.Release|Any CPU.Build.0 = Release|Any CPU
		{09AB6289-B7BF-44F5-9245-95459CBA3E8A}.Debug|Any CPU.ActiveCfg = Debug|Any CPU
		{09AB6289-B7BF-44F5-9245-95459CBA3E8A}.Debug|Any CPU.Build.0 = Debug|Any CPU
		{09AB6289-B7BF-44F5-9245-95459CBA3E8A}.Release|Any CPU.ActiveCfg = Release|Any CPU
		{09AB6289-B7BF-44F5-9245-95459CBA3E8A}.Release|Any CPU.Build.0 = Release|Any CPU
		{7C4AB595-0F33-4E2E-BD79-DDF654AA7BBC}.Debug|Any CPU.ActiveCfg = Debug|Any CPU
		{7C4AB595-0F33-4E2E-BD79-DDF654AA7BBC}.Debug|Any CPU.Build.0 = Debug|Any CPU
		{7C4AB595-0F33-4E2E-BD79-DDF654AA7BBC}.Release|Any CPU.ActiveCfg = Release|Any CPU
		{7C4AB595-0F33-4E2E-BD79-DDF654AA7BBC}.Release|Any CPU.Build.0 = Release|Any CPU
		{12C11FE1-5DD9-48DE-A44A-B542D33DA2E6}.Debug|Any CPU.ActiveCfg = Debug|Any CPU
		{12C11FE1-5DD9-48DE-A44A-B542D33DA2E6}.Debug|Any CPU.Build.0 = Debug|Any CPU
		{12C11FE1-5DD9-48DE-A44A-B542D33DA2E6}.Release|Any CPU.ActiveCfg = Release|Any CPU
		{12C11FE1-5DD9-48DE-A44A-B542D33DA2E6}.Release|Any CPU.Build.0 = Release|Any CPU
		{0D7E942E-0C81-436D-9493-F04B23D70E00}.Debug|Any CPU.ActiveCfg = Debug|Any CPU
		{0D7E942E-0C81-436D-9493-F04B23D70E00}.Debug|Any CPU.Build.0 = Debug|Any CPU
		{0D7E942E-0C81-436D-9493-F04B23D70E00}.Release|Any CPU.ActiveCfg = Release|Any CPU
		{0D7E942E-0C81-436D-9493-F04B23D70E00}.Release|Any CPU.Build.0 = Release|Any CPU
		{359C4D6B-8DD1-4DE7-952E-3D2E9792D60F}.Debug|Any CPU.ActiveCfg = Debug|Any CPU
		{359C4D6B-8DD1-4DE7-952E-3D2E9792D60F}.Debug|Any CPU.Build.0 = Debug|Any CPU
		{359C4D6B-8DD1-4DE7-952E-3D2E9792D60F}.Release|Any CPU.ActiveCfg = Release|Any CPU
		{359C4D6B-8DD1-4DE7-952E-3D2E9792D60F}.Release|Any CPU.Build.0 = Release|Any CPU
		{576B598C-9790-4717-AF7A-B5D921EFF89F}.Debug|Any CPU.ActiveCfg = Debug|Any CPU
		{576B598C-9790-4717-AF7A-B5D921EFF89F}.Debug|Any CPU.Build.0 = Debug|Any CPU
		{576B598C-9790-4717-AF7A-B5D921EFF89F}.Release|Any CPU.ActiveCfg = Release|Any CPU
		{576B598C-9790-4717-AF7A-B5D921EFF89F}.Release|Any CPU.Build.0 = Release|Any CPU
	EndGlobalSection
	GlobalSection(SolutionProperties) = preSolution
		HideSolutionNode = FALSE
	EndGlobalSection
	GlobalSection(ExtensibilityGlobals) = postSolution
		SolutionGuid = {C0EAFFAB-F2E5-4013-9F43-AF9BF79938B8}
	EndGlobalSection
EndGlobal
